// !$*UTF8*$!
{
	archiveVersion = 1;
	classes = {
	};
	objectVersion = 46;
	objects = {

/* Begin PBXBuildFile section */
		9875B2D31DAF6E69001CC7F7 /* sensor_tab_icon.svg in Resources */ = {isa = PBXBuildFile; fileRef = 9875B2D21DAF6E69001CC7F7 /* sensor_tab_icon.svg */; };
		9875B2D71DAF771B001CC7F7 /* sensor_1x.png in Resources */ = {isa = PBXBuildFile; fileRef = 9875B2D41DAF771B001CC7F7 /* sensor_1x.png */; };
		9875B2D81DAF771B001CC7F7 /* sensor_2x.png in Resources */ = {isa = PBXBuildFile; fileRef = 9875B2D51DAF771B001CC7F7 /* sensor_2x.png */; };
		9875B2D91DAF771B001CC7F7 /* sensor_3x.png in Resources */ = {isa = PBXBuildFile; fileRef = 9875B2D61DAF771B001CC7F7 /* sensor_3x.png */; };
		9875B2DD1DAF7897001CC7F7 /* history_1x.png in Resources */ = {isa = PBXBuildFile; fileRef = 9875B2DA1DAF7897001CC7F7 /* history_1x.png */; };
		9875B2DE1DAF7897001CC7F7 /* history_2x.png in Resources */ = {isa = PBXBuildFile; fileRef = 9875B2DB1DAF7897001CC7F7 /* history_2x.png */; };
		9875B2DF1DAF7897001CC7F7 /* history_3x.png in Resources */ = {isa = PBXBuildFile; fileRef = 9875B2DC1DAF7897001CC7F7 /* history_3x.png */; };
		9875B2E31DAF7C41001CC7F7 /* settings_1x.png in Resources */ = {isa = PBXBuildFile; fileRef = 9875B2E01DAF7C41001CC7F7 /* settings_1x.png */; };
		9875B2E41DAF7C41001CC7F7 /* settings_2x.png in Resources */ = {isa = PBXBuildFile; fileRef = 9875B2E11DAF7C41001CC7F7 /* settings_2x.png */; };
		9875B2E51DAF7C41001CC7F7 /* settings_3x.png in Resources */ = {isa = PBXBuildFile; fileRef = 9875B2E21DAF7C41001CC7F7 /* settings_3x.png */; };
		B70D25071DA7D765003EB84D /* Constants.swift in Sources */ = {isa = PBXBuildFile; fileRef = B70D25061DA7D765003EB84D /* Constants.swift */; };
		B70D250C1DA7D816003EB84D /* HttpRequestService.swift in Sources */ = {isa = PBXBuildFile; fileRef = B70D250B1DA7D816003EB84D /* HttpRequestService.swift */; };
		B70D25121DA9FB0B003EB84D /* SensorValuesController.swift in Sources */ = {isa = PBXBuildFile; fileRef = B70D25111DA9FB0B003EB84D /* SensorValuesController.swift */; };
		B70D25141DA9FDAD003EB84D /* SettingsController.swift in Sources */ = {isa = PBXBuildFile; fileRef = B70D25131DA9FDAD003EB84D /* SettingsController.swift */; };
		B70D25161DAA0CA2003EB84D /* HistoryController.swift in Sources */ = {isa = PBXBuildFile; fileRef = B70D25151DAA0CA2003EB84D /* HistoryController.swift */; };
		B78AC1661DA7C96F00E8C682 /* AppDelegate.swift in Sources */ = {isa = PBXBuildFile; fileRef = B78AC1651DA7C96F00E8C682 /* AppDelegate.swift */; };
		B78AC16B1DA7C97000E8C682 /* Main.storyboard in Resources */ = {isa = PBXBuildFile; fileRef = B78AC1691DA7C96F00E8C682 /* Main.storyboard */; };
		B78AC16D1DA7C97000E8C682 /* Assets.xcassets in Resources */ = {isa = PBXBuildFile; fileRef = B78AC16C1DA7C97000E8C682 /* Assets.xcassets */; };
		B78AC1701DA7C97000E8C682 /* LaunchScreen.storyboard in Resources */ = {isa = PBXBuildFile; fileRef = B78AC16E1DA7C97000E8C682 /* LaunchScreen.storyboard */; };
/* End PBXBuildFile section */

/* Begin PBXCopyFilesBuildPhase section */
		B78AC1E01DA7CC0500E8C682 /* Embed PlugIns */ = {
			isa = PBXCopyFilesBuildPhase;
			buildActionMask = 2147483647;
			dstPath = "";
			dstSubfolderSpec = 13;
			files = (
			);
			name = "Embed PlugIns";
			runOnlyForDeploymentPostprocessing = 0;
		};
/* End PBXCopyFilesBuildPhase section */

/* Begin PBXFileReference section */
		9875B2D21DAF6E69001CC7F7 /* sensor_tab_icon.svg */ = {isa = PBXFileReference; fileEncoding = 4; lastKnownFileType = text.xml; name = sensor_tab_icon.svg; path = images/sensor_tab_icon.svg; sourceTree = "<group>"; };
		9875B2D41DAF771B001CC7F7 /* sensor_1x.png */ = {isa = PBXFileReference; lastKnownFileType = image.png; name = sensor_1x.png; path = images/sensor_1x.png; sourceTree = "<group>"; };
		9875B2D51DAF771B001CC7F7 /* sensor_2x.png */ = {isa = PBXFileReference; lastKnownFileType = image.png; name = sensor_2x.png; path = images/sensor_2x.png; sourceTree = "<group>"; };
		9875B2D61DAF771B001CC7F7 /* sensor_3x.png */ = {isa = PBXFileReference; lastKnownFileType = image.png; name = sensor_3x.png; path = images/sensor_3x.png; sourceTree = "<group>"; };
		9875B2DA1DAF7897001CC7F7 /* history_1x.png */ = {isa = PBXFileReference; lastKnownFileType = image.png; name = history_1x.png; path = images/history_1x.png; sourceTree = "<group>"; };
		9875B2DB1DAF7897001CC7F7 /* history_2x.png */ = {isa = PBXFileReference; lastKnownFileType = image.png; name = history_2x.png; path = images/history_2x.png; sourceTree = "<group>"; };
		9875B2DC1DAF7897001CC7F7 /* history_3x.png */ = {isa = PBXFileReference; lastKnownFileType = image.png; name = history_3x.png; path = images/history_3x.png; sourceTree = "<group>"; };
		9875B2E01DAF7C41001CC7F7 /* settings_1x.png */ = {isa = PBXFileReference; lastKnownFileType = image.png; name = settings_1x.png; path = images/settings_1x.png; sourceTree = "<group>"; };
		9875B2E11DAF7C41001CC7F7 /* settings_2x.png */ = {isa = PBXFileReference; lastKnownFileType = image.png; name = settings_2x.png; path = images/settings_2x.png; sourceTree = "<group>"; };
		9875B2E21DAF7C41001CC7F7 /* settings_3x.png */ = {isa = PBXFileReference; lastKnownFileType = image.png; name = settings_3x.png; path = images/settings_3x.png; sourceTree = "<group>"; };
		B70D25061DA7D765003EB84D /* Constants.swift */ = {isa = PBXFileReference; fileEncoding = 4; lastKnownFileType = sourcecode.swift; path = Constants.swift; sourceTree = "<group>"; };
		B70D250B1DA7D816003EB84D /* HttpRequestService.swift */ = {isa = PBXFileReference; fileEncoding = 4; lastKnownFileType = sourcecode.swift; path = HttpRequestService.swift; sourceTree = "<group>"; };
		B70D25111DA9FB0B003EB84D /* SensorValuesController.swift */ = {isa = PBXFileReference; fileEncoding = 4; lastKnownFileType = sourcecode.swift; path = SensorValuesController.swift; sourceTree = "<group>"; };
		B70D25131DA9FDAD003EB84D /* SettingsController.swift */ = {isa = PBXFileReference; fileEncoding = 4; lastKnownFileType = sourcecode.swift; path = SettingsController.swift; sourceTree = "<group>"; };
		B70D25151DAA0CA2003EB84D /* HistoryController.swift */ = {isa = PBXFileReference; fileEncoding = 4; lastKnownFileType = sourcecode.swift; path = HistoryController.swift; sourceTree = "<group>"; };
		B78AC1621DA7C96F00E8C682 /* RaspberryPi.app */ = {isa = PBXFileReference; explicitFileType = wrapper.application; includeInIndex = 0; path = RaspberryPi.app; sourceTree = BUILT_PRODUCTS_DIR; };
		B78AC1651DA7C96F00E8C682 /* AppDelegate.swift */ = {isa = PBXFileReference; lastKnownFileType = sourcecode.swift; path = AppDelegate.swift; sourceTree = "<group>"; };
		B78AC16A1DA7C96F00E8C682 /* Base */ = {isa = PBXFileReference; lastKnownFileType = file.storyboard; name = Base; path = Base.lproj/Main.storyboard; sourceTree = "<group>"; };
		B78AC16C1DA7C97000E8C682 /* Assets.xcassets */ = {isa = PBXFileReference; lastKnownFileType = folder.assetcatalog; path = Assets.xcassets; sourceTree = "<group>"; };
		B78AC16F1DA7C97000E8C682 /* Base */ = {isa = PBXFileReference; lastKnownFileType = file.storyboard; name = Base; path = Base.lproj/LaunchScreen.storyboard; sourceTree = "<group>"; };
		B78AC1711DA7C97000E8C682 /* Info.plist */ = {isa = PBXFileReference; lastKnownFileType = text.plist.xml; path = Info.plist; sourceTree = "<group>"; };
/* End PBXFileReference section */

/* Begin PBXFrameworksBuildPhase section */
		B78AC15F1DA7C96F00E8C682 /* Frameworks */ = {
			isa = PBXFrameworksBuildPhase;
			buildActionMask = 2147483647;
			files = (
			);
			runOnlyForDeploymentPostprocessing = 0;
		};
/* End PBXFrameworksBuildPhase section */

/* Begin PBXGroup section */
		9875B2D11DAF6E33001CC7F7 /* Images */ = {
			isa = PBXGroup;
			children = (
				9875B2E01DAF7C41001CC7F7 /* settings_1x.png */,
				9875B2E11DAF7C41001CC7F7 /* settings_2x.png */,
				9875B2E21DAF7C41001CC7F7 /* settings_3x.png */,
				9875B2DA1DAF7897001CC7F7 /* history_1x.png */,
				9875B2DB1DAF7897001CC7F7 /* history_2x.png */,
				9875B2DC1DAF7897001CC7F7 /* history_3x.png */,
				9875B2D41DAF771B001CC7F7 /* sensor_1x.png */,
				9875B2D51DAF771B001CC7F7 /* sensor_2x.png */,
				9875B2D61DAF771B001CC7F7 /* sensor_3x.png */,
				9875B2D21DAF6E69001CC7F7 /* sensor_tab_icon.svg */,
			);
			name = Images;
			sourceTree = "<group>";
		};
		B70D25051DA7D74A003EB84D /* Data */ = {
			isa = PBXGroup;
			children = (
				B70D25061DA7D765003EB84D /* Constants.swift */,
			);
			name = Data;
			sourceTree = "<group>";
		};
		B70D250A1DA7D7DE003EB84D /* Services */ = {
			isa = PBXGroup;
			children = (
				B70D250B1DA7D816003EB84D /* HttpRequestService.swift */,
			);
			name = Services;
			sourceTree = "<group>";
		};
		B70D25101DA9FAED003EB84D /* ViewControllers */ = {
			isa = PBXGroup;
			children = (
				B70D25111DA9FB0B003EB84D /* SensorValuesController.swift */,
				B70D25131DA9FDAD003EB84D /* SettingsController.swift */,
				B70D25151DAA0CA2003EB84D /* HistoryController.swift */,
			);
			name = ViewControllers;
			sourceTree = "<group>";
		};
		B78AC1591DA7C96F00E8C682 = {
			isa = PBXGroup;
			children = (
				9875B2D11DAF6E33001CC7F7 /* Images */,
				B70D25101DA9FAED003EB84D /* ViewControllers */,
				B70D250A1DA7D7DE003EB84D /* Services */,
				B70D25051DA7D74A003EB84D /* Data */,
				B78AC1641DA7C96F00E8C682 /* RaspberryPi */,
				B78AC1631DA7C96F00E8C682 /* Products */,
			);
			sourceTree = "<group>";
		};
		B78AC1631DA7C96F00E8C682 /* Products */ = {
			isa = PBXGroup;
			children = (
				B78AC1621DA7C96F00E8C682 /* RaspberryPi.app */,
			);
			name = Products;
			sourceTree = "<group>";
		};
		B78AC1641DA7C96F00E8C682 /* RaspberryPi */ = {
			isa = PBXGroup;
			children = (
				B78AC1651DA7C96F00E8C682 /* AppDelegate.swift */,
				B78AC1691DA7C96F00E8C682 /* Main.storyboard */,
				B78AC16C1DA7C97000E8C682 /* Assets.xcassets */,
				B78AC16E1DA7C97000E8C682 /* LaunchScreen.storyboard */,
				B78AC1711DA7C97000E8C682 /* Info.plist */,
			);
			path = RaspberryPi;
			sourceTree = "<group>";
		};
/* End PBXGroup section */

/* Begin PBXNativeTarget section */
		B78AC1611DA7C96F00E8C682 /* RaspberryPi */ = {
			isa = PBXNativeTarget;
			buildConfigurationList = B78AC1741DA7C97000E8C682 /* Build configuration list for PBXNativeTarget "RaspberryPi" */;
			buildPhases = (
				B78AC15E1DA7C96F00E8C682 /* Sources */,
				B78AC15F1DA7C96F00E8C682 /* Frameworks */,
				B78AC1601DA7C96F00E8C682 /* Resources */,
				B78AC1E01DA7CC0500E8C682 /* Embed PlugIns */,
			);
			buildRules = (
			);
			dependencies = (
			);
			name = RaspberryPi;
			productName = RaspberryPi;
			productReference = B78AC1621DA7C96F00E8C682 /* RaspberryPi.app */;
			productType = "com.apple.product-type.application";
		};
/* End PBXNativeTarget section */

/* Begin PBXProject section */
		B78AC15A1DA7C96F00E8C682 /* Project object */ = {
			isa = PBXProject;
			attributes = {
				LastSwiftUpdateCheck = 0730;
				LastUpgradeCheck = 0730;
				ORGANIZATIONNAME = "Zaeem Siddiq";
				TargetAttributes = {
					B78AC1611DA7C96F00E8C682 = {
						CreatedOnToolsVersion = 7.3.1;
					};
				};
			};
			buildConfigurationList = B78AC15D1DA7C96F00E8C682 /* Build configuration list for PBXProject "RaspberryPi" */;
			compatibilityVersion = "Xcode 3.2";
			developmentRegion = English;
			hasScannedForEncodings = 0;
			knownRegions = (
				en,
				Base,
			);
			mainGroup = B78AC1591DA7C96F00E8C682;
			productRefGroup = B78AC1631DA7C96F00E8C682 /* Products */;
			projectDirPath = "";
			projectRoot = "";
			targets = (
				B78AC1611DA7C96F00E8C682 /* RaspberryPi */,
			);
		};
/* End PBXProject section */

/* Begin PBXResourcesBuildPhase section */
		B78AC1601DA7C96F00E8C682 /* Resources */ = {
			isa = PBXResourcesBuildPhase;
			buildActionMask = 2147483647;
			files = (
				9875B2E41DAF7C41001CC7F7 /* settings_2x.png in Resources */,
				9875B2D91DAF771B001CC7F7 /* sensor_3x.png in Resources */,
				9875B2DF1DAF7897001CC7F7 /* history_3x.png in Resources */,
				B78AC1701DA7C97000E8C682 /* LaunchScreen.storyboard in Resources */,
				9875B2D71DAF771B001CC7F7 /* sensor_1x.png in Resources */,
				9875B2DD1DAF7897001CC7F7 /* history_1x.png in Resources */,
				9875B2D31DAF6E69001CC7F7 /* sensor_tab_icon.svg in Resources */,
				9875B2D81DAF771B001CC7F7 /* sensor_2x.png in Resources */,
				9875B2E51DAF7C41001CC7F7 /* settings_3x.png in Resources */,
				9875B2DE1DAF7897001CC7F7 /* history_2x.png in Resources */,
				9875B2E31DAF7C41001CC7F7 /* settings_1x.png in Resources */,
				B78AC16D1DA7C97000E8C682 /* Assets.xcassets in Resources */,
				B78AC16B1DA7C97000E8C682 /* Main.storyboard in Resources */,
			);
			runOnlyForDeploymentPostprocessing = 0;
		};
/* End PBXResourcesBuildPhase section */

/* Begin PBXSourcesBuildPhase section */
		B78AC15E1DA7C96F00E8C682 /* Sources */ = {
			isa = PBXSourcesBuildPhase;
			buildActionMask = 2147483647;
			files = (
				B70D25141DA9FDAD003EB84D /* SettingsController.swift in Sources */,
				B70D250C1DA7D816003EB84D /* HttpRequestService.swift in Sources */,
				B70D25161DAA0CA2003EB84D /* HistoryController.swift in Sources */,
				B70D25121DA9FB0B003EB84D /* SensorValuesController.swift in Sources */,
				B70D25071DA7D765003EB84D /* Constants.swift in Sources */,
				B78AC1661DA7C96F00E8C682 /* AppDelegate.swift in Sources */,
			);
			runOnlyForDeploymentPostprocessing = 0;
		};
/* End PBXSourcesBuildPhase section */

/* Begin PBXVariantGroup section */
		B78AC1691DA7C96F00E8C682 /* Main.storyboard */ = {
			isa = PBXVariantGroup;
			children = (
				B78AC16A1DA7C96F00E8C682 /* Base */,
			);
			name = Main.storyboard;
			sourceTree = "<group>";
		};
		B78AC16E1DA7C97000E8C682 /* LaunchScreen.storyboard */ = {
			isa = PBXVariantGroup;
			children = (
				B78AC16F1DA7C97000E8C682 /* Base */,
			);
			name = LaunchScreen.storyboard;
			sourceTree = "<group>";
		};
/* End PBXVariantGroup section */

/* Begin XCBuildConfiguration section */
		B78AC1721DA7C97000E8C682 /* Debug */ = {
			isa = XCBuildConfiguration;
			buildSettings = {
				ALWAYS_SEARCH_USER_PATHS = NO;
				CLANG_ANALYZER_NONNULL = YES;
				CLANG_CXX_LANGUAGE_STANDARD = "gnu++0x";
				CLANG_CXX_LIBRARY = "libc++";
				CLANG_ENABLE_MODULES = YES;
				CLANG_ENABLE_OBJC_ARC = YES;
				CLANG_WARN_BOOL_CONVERSION = YES;
				CLANG_WARN_CONSTANT_CONVERSION = YES;
				CLANG_WARN_DIRECT_OBJC_ISA_USAGE = YES_ERROR;
				CLANG_WARN_EMPTY_BODY = YES;
				CLANG_WARN_ENUM_CONVERSION = YES;
				CLANG_WARN_INT_CONVERSION = YES;
				CLANG_WARN_OBJC_ROOT_CLASS = YES_ERROR;
				CLANG_WARN_UNREACHABLE_CODE = YES;
				CLANG_WARN__DUPLICATE_METHOD_MATCH = YES;
				"CODE_SIGN_IDENTITY[sdk=iphoneos*]" = "iPhone Developer";
				COPY_PHASE_STRIP = NO;
				DEBUG_INFORMATION_FORMAT = dwarf;
				ENABLE_STRICT_OBJC_MSGSEND = YES;
				ENABLE_TESTABILITY = YES;
				GCC_C_LANGUAGE_STANDARD = gnu99;
				GCC_DYNAMIC_NO_PIC = NO;
				GCC_NO_COMMON_BLOCKS = YES;
				GCC_OPTIMIZATION_LEVEL = 0;
				GCC_PREPROCESSOR_DEFINITIONS = (
					"DEBUG=1",
					"$(inherited)",
				);
				GCC_WARN_64_TO_32_BIT_CONVERSION = YES;
				GCC_WARN_ABOUT_RETURN_TYPE = YES_ERROR;
				GCC_WARN_UNDECLARED_SELECTOR = YES;
				GCC_WARN_UNINITIALIZED_AUTOS = YES_AGGRESSIVE;
				GCC_WARN_UNUSED_FUNCTION = YES;
				GCC_WARN_UNUSED_VARIABLE = YES;
				IPHONEOS_DEPLOYMENT_TARGET = 9.3;
				MTL_ENABLE_DEBUG_INFO = YES;
				ONLY_ACTIVE_ARCH = YES;
				SDKROOT = iphoneos;
				SWIFT_OPTIMIZATION_LEVEL = "-Onone";
				SWIFT_SUPPRESS_WARNINGS = YES;
				SWIFT_VERSION = 2.3;
				TARGETED_DEVICE_FAMILY = "1,2";
			};
			name = Debug;
		};
		B78AC1731DA7C97000E8C682 /* Release */ = {
			isa = XCBuildConfiguration;
			buildSettings = {
				ALWAYS_SEARCH_USER_PATHS = NO;
				CLANG_ANALYZER_NONNULL = YES;
				CLANG_CXX_LANGUAGE_STANDARD = "gnu++0x";
				CLANG_CXX_LIBRARY = "libc++";
				CLANG_ENABLE_MODULES = YES;
				CLANG_ENABLE_OBJC_ARC = YES;
				CLANG_WARN_BOOL_CONVERSION = YES;
				CLANG_WARN_CONSTANT_CONVERSION = YES;
				CLANG_WARN_DIRECT_OBJC_ISA_USAGE = YES_ERROR;
				CLANG_WARN_EMPTY_BODY = YES;
				CLANG_WARN_ENUM_CONVERSION = YES;
				CLANG_WARN_INT_CONVERSION = YES;
				CLANG_WARN_OBJC_ROOT_CLASS = YES_ERROR;
				CLANG_WARN_UNREACHABLE_CODE = YES;
				CLANG_WARN__DUPLICATE_METHOD_MATCH = YES;
				"CODE_SIGN_IDENTITY[sdk=iphoneos*]" = "iPhone Developer";
				COPY_PHASE_STRIP = NO;
				DEBUG_INFORMATION_FORMAT = "dwarf-with-dsym";
				ENABLE_NS_ASSERTIONS = NO;
				ENABLE_STRICT_OBJC_MSGSEND = YES;
				GCC_C_LANGUAGE_STANDARD = gnu99;
				GCC_NO_COMMON_BLOCKS = YES;
				GCC_WARN_64_TO_32_BIT_CONVERSION = YES;
				GCC_WARN_ABOUT_RETURN_TYPE = YES_ERROR;
				GCC_WARN_UNDECLARED_SELECTOR = YES;
				GCC_WARN_UNINITIALIZED_AUTOS = YES_AGGRESSIVE;
				GCC_WARN_UNUSED_FUNCTION = YES;
				GCC_WARN_UNUSED_VARIABLE = YES;
				IPHONEOS_DEPLOYMENT_TARGET = 9.3;
				MTL_ENABLE_DEBUG_INFO = NO;
				SDKROOT = iphoneos;
				SWIFT_SUPPRESS_WARNINGS = YES;
				SWIFT_VERSION = 2.3;
				TARGETED_DEVICE_FAMILY = "1,2";
				VALIDATE_PRODUCT = YES;
			};
			name = Release;
		};
		B78AC1751DA7C97000E8C682 /* Debug */ = {
			isa = XCBuildConfiguration;
			buildSettings = {
				ASSETCATALOG_COMPILER_APPICON_NAME = AppIcon;
				INFOPLIST_FILE = RaspberryPi/Info.plist;
				IPHONEOS_DEPLOYMENT_TARGET = 9.3;
				LD_RUNPATH_SEARCH_PATHS = "$(inherited) @executable_path/Frameworks";
				PRODUCT_BUNDLE_IDENTIFIER = au.org.RaspberryPi;
				PRODUCT_NAME = "$(TARGET_NAME)";
				TARGETED_DEVICE_FAMILY = 1;
			};
			name = Debug;
		};
		B78AC1761DA7C97000E8C682 /* Release */ = {
			isa = XCBuildConfiguration;
			buildSettings = {
				ASSETCATALOG_COMPILER_APPICON_NAME = AppIcon;
				INFOPLIST_FILE = RaspberryPi/Info.plist;
				IPHONEOS_DEPLOYMENT_TARGET = 9.3;
				LD_RUNPATH_SEARCH_PATHS = "$(inherited) @executable_path/Frameworks";
				PRODUCT_BUNDLE_IDENTIFIER = au.org.RaspberryPi;
				PRODUCT_NAME = "$(TARGET_NAME)";
				TARGETED_DEVICE_FAMILY = 1;
			};
			name = Release;
		};
/* End XCBuildConfiguration section */

/* Begin XCConfigurationList section */
		B78AC15D1DA7C96F00E8C682 /* Build configuration list for PBXProject "RaspberryPi" */ = {
			isa = XCConfigurationList;
			buildConfigurations = (
				B78AC1721DA7C97000E8C682 /* Debug */,
				B78AC1731DA7C97000E8C682 /* Release */,
			);
			defaultConfigurationIsVisible = 0;
			defaultConfigurationName = Release;
		};
		B78AC1741DA7C97000E8C682 /* Build configuration list for PBXNativeTarget "RaspberryPi" */ = {
			isa = XCConfigurationList;
			buildConfigurations = (
				B78AC1751DA7C97000E8C682 /* Debug */,
				B78AC1761DA7C97000E8C682 /* Release */,
			);
			defaultConfigurationIsVisible = 0;
			defaultConfigurationName = Release;
		};
/* End XCConfigurationList section */
	};
	rootObject = B78AC15A1DA7C96F00E8C682 /* Project object */;
}
